
Microsoft Visual Studio Solution File, Format Version 12.00
# Visual Studio 15
VisualStudioVersion = 15.0.26730.15
MinimumVisualStudioVersion = 10.0.40219.1
Project("{FAE04EC0-301F-11D3-BF4B-00C04F79EFBC}") = "Bowling", "Bowling\Bowling.csproj", "{6815B140-75D6-4004-B5DD-0102D3273FD3}"
EndProject
Project("{FAE04EC0-301F-11D3-BF4B-00C04F79EFBC}") = "UnitTestProject1", "UnitTestProject1\UnitTestProject1.csproj", "{9F306A27-687A-4ADD-A9FD-AC5C1FDC5AB4}"
EndProject
Global
	GlobalSection(SolutionConfigurationPlatforms) = preSolution
		Debug|Any CPU = Debug|Any CPU
		Release|Any CPU = Release|Any CPU
	EndGlobalSection
	GlobalSection(ProjectConfigurationPlatforms) = postSolution
		{6815B140-75D6-4004-B5DD-0102D3273FD3}.Debug|Any CPU.ActiveCfg = Debug|Any CPU
		{6815B140-75D6-4004-B5DD-0102D3273FD3}.Debug|Any CPU.Build.0 = Debug|Any CPU
		{6815B140-75D6-4004-B5DD-0102D3273FD3}.Release|Any CPU.ActiveCfg = Release|Any CPU
		{6815B140-75D6-4004-B5DD-0102D3273FD3}.Release|Any CPU.Build.0 = Release|Any CPU
		{9F306A27-687A-4ADD-A9FD-AC5C1FDC5AB4}.Debug|Any CPU.ActiveCfg = Debug|Any CPU
		{9F306A27-687A-4ADD-A9FD-AC5C1FDC5AB4}.Debug|Any CPU.Build.0 = Debug|Any CPU
		{9F306A27-687A-4ADD-A9FD-AC5C1FDC5AB4}.Release|Any CPU.ActiveCfg = Release|Any CPU
		{9F306A27-687A-4ADD-A9FD-AC5C1FDC5AB4}.Release|Any CPU.Build.0 = Release|Any CPU
	EndGlobalSection
	GlobalSection(SolutionProperties) = preSolution
		HideSolutionNode = FALSE
	EndGlobalSection
	GlobalSection(ExtensibilityGlobals) = postSolution
		SolutionGuid = {F081DAC5-371A-487D-8B99-03FE282E13C6}
	EndGlobalSection
EndGlobal
